
Microsoft Visual Studio Solution File, Format Version 12.00
# Visual Studio 15
VisualStudioVersion = 15.0.28307.960
MinimumVisualStudioVersion = 10.0.40219.1
Project("{FAE04EC0-301F-11D3-BF4B-00C04F79EFBC}") = "BlackJack", "BlackJack\BlackJack.csproj", "{0B66AC2B-34B9-407B-9417-9930BDD016E5}"
EndProject
Global
	GlobalSection(SolutionConfigurationPlatforms) = preSolution
		Debug|Any CPU = Debug|Any CPU
		Release|Any CPU = Release|Any CPU
	EndGlobalSection
	GlobalSection(ProjectConfigurationPlatforms) = postSolution
		{0B66AC2B-34B9-407B-9417-9930BDD016E5}.Debug|Any CPU.ActiveCfg = Debug|Any CPU
		{0B66AC2B-34B9-407B-9417-9930BDD016E5}.Debug|Any CPU.Build.0 = Debug|Any CPU
		{0B66AC2B-34B9-407B-9417-9930BDD016E5}.Release|Any CPU.ActiveCfg = Release|Any CPU
		{0B66AC2B-34B9-407B-9417-9930BDD016E5}.Release|Any CPU.Build.0 = Release|Any CPU
	EndGlobalSection
	GlobalSection(SolutionProperties) = preSolution
		HideSolutionNode = FALSE
	EndGlobalSection
	GlobalSection(ExtensibilityGlobals) = postSolution
		SolutionGuid = {C5B1AD6B-377E-432A-8B90-FBD7055D19E3}
	EndGlobalSection
EndGlobal
